{
  "name": "monetta-mvp",
  "version": "0.0.1",
  "lockfileVersion": 1,
  "requires": true,
  "dependencies": {
    "@sendgrid/client": {
      "version": "6.1.4",
      "resolved": "https://registry.npmjs.org/@sendgrid/client/-/client-6.1.4.tgz",
      "integrity": "sha512-fMQt7VEq2HOE/VnrLeZx5plfOv53xQ8+K5Qb3voCMaScgL7ePdUxbbt0mxnqmAdHU5EePywMrlpF2ZxHvujSOg==",
      "requires": {
        "@sendgrid/helpers": "6.1.3",
        "@types/request": "2.0.6",
        "request": "2.81.0"
      }
    },
    "@sendgrid/helpers": {
      "version": "6.1.3",
      "resolved": "https://registry.npmjs.org/@sendgrid/helpers/-/helpers-6.1.3.tgz",
      "integrity": "sha512-PDhC/XYZcl6SOnpAcdr24VYrUoEScKekcazOCSg38HtLl/4LrcKMXCELuA0D0MvvZg+ZDhvue6T2E69ehKxU9Q==",
      "requires": {
        "chalk": "2.2.0"
      },
      "dependencies": {
        "ansi-styles": {
          "version": "3.2.0",
          "resolved": "https://registry.npmjs.org/ansi-styles/-/ansi-styles-3.2.0.tgz",
          "integrity": "sha512-NnSOmMEYtVR2JVMIGTzynRkkaxtiq1xnFBcdQD/DnNCYPoEPsVJhM98BDyaoNOQIi7p4okdi3E27eN7GQbsUug==",
          "requires": {
            "color-convert": "1.9.0"
          }
        },
        "chalk": {
          "version": "2.2.0",
          "resolved": "https://registry.npmjs.org/chalk/-/chalk-2.2.0.tgz",
          "integrity": "sha512-0BMM/2hG3ZaoPfR6F+h/oWpZtsh3b/s62TjSM6MGCJWEbJDN1acqCXvyhhZsDSVFklpebUoQ5O1kKC7lOzrn9g==",
          "requires": {
            "ansi-styles": "3.2.0",
            "escape-string-regexp": "1.0.5",
            "supports-color": "4.5.0"
          }
        },
        "has-flag": {
          "version": "2.0.0",
          "resolved": "https://registry.npmjs.org/has-flag/-/has-flag-2.0.0.tgz",
          "integrity": "sha1-6CB68cx7MNRGzHC3NLXovhj4jVE="
        },
        "supports-color": {
          "version": "4.5.0",
          "resolved": "https://registry.npmjs.org/supports-color/-/supports-color-4.5.0.tgz",
          "integrity": "sha1-vnoN5ITexcXN34s9WRJQRJEvY1s=",
          "requires": {
            "has-flag": "2.0.0"
          }
        }
      }
    },
    "@sendgrid/mail": {
      "version": "6.1.4",
      "resolved": "https://registry.npmjs.org/@sendgrid/mail/-/mail-6.1.4.tgz",
      "integrity": "sha512-BMtDsDcHIReS+XPyB9rAY53kiBfxnLrUv/SNeCJQDYBIOVLglUS96X3N413+MgpON45eO2w22xus6yWgJyFj9Q==",
      "requires": {
        "@sendgrid/client": "6.1.4",
        "@sendgrid/helpers": "6.1.3"
      }
    },
    "@types/form-data": {
      "version": "2.2.0",
      "resolved": "https://registry.npmjs.org/@types/form-data/-/form-data-2.2.0.tgz",
      "integrity": "sha512-vm5OGsKc61Sx/GTRMQ9d0H0PYCDebT78/bdIBPCoPEHdgp0etaH1RzMmkDygymUmyXTj3rdWQn0sRUpYKZzljA==",
      "requires": {
        "@types/node": "8.0.44"
      }
    },
    "@types/node": {
      "version": "8.0.44",
      "resolved": "https://registry.npmjs.org/@types/node/-/node-8.0.44.tgz",
      "integrity": "sha512-56TeARKE2uMi7xWhpRRws/QdnpSVx9i7E8esGiPYoj90jnonGfmV1vwRLvHWYjPxF5u5l7p5fgdKwdse+VeAQQ=="
    },
    "@types/request": {
      "version": "2.0.6",
      "resolved": "https://registry.npmjs.org/@types/request/-/request-2.0.6.tgz",
      "integrity": "sha512-8/VAk8kgeWuNQTOMmhaLyYmzX7Foshcdh0f1KwkyWQPmoPCy4AIMDx4KqI/n/uO5pAw2FOCgW+76iJTyjYsIRw==",
      "requires": {
        "@types/form-data": "2.2.0",
        "@types/node": "8.0.44"
      }
    },
    "addressparser": {
      "version": "1.0.1",
      "resolved": "https://registry.npmjs.org/addressparser/-/addressparser-1.0.1.tgz",
      "integrity": "sha1-R6++GiqSYhkdtoOOT9HTm0CCF0Y="
    },
    "async.ensureasync": {
      "version": "0.5.2",
      "resolved": "https://registry.npmjs.org/async.ensureasync/-/async.ensureasync-0.5.2.tgz",
      "integrity": "sha1-w8fkpOmzHZaHXVa4UEWYRG4eMF0=",
      "requires": {
        "async.util.ensureasync": "0.5.2"
      }
    },
    "async.queue": {
      "version": "0.5.2",
      "resolved": "https://registry.npmjs.org/async.queue/-/async.queue-0.5.2.tgz",
      "integrity": "sha1-jV2QgS4UgQZrwJBOjMFxKxfDvXw=",
      "requires": {
        "async.util.queue": "0.5.2"
      }
    },
    "async.util.arrayeach": {
      "version": "0.5.2",
      "resolved": "https://registry.npmjs.org/async.util.arrayeach/-/async.util.arrayeach-0.5.2.tgz",
      "integrity": "sha1-WMTpgCjVXWm/sFrrOvROClVagpw="
    },
    "async.util.ensureasync": {
      "version": "0.5.2",
      "resolved": "https://registry.npmjs.org/async.util.ensureasync/-/async.util.ensureasync-0.5.2.tgz",
      "integrity": "sha1-EJB/LL0GegYfma5tIuCM7TDbDWg=",
      "requires": {
        "async.util.restparam": "0.5.2",
        "async.util.setimmediate": "0.5.2"
      }
    },
    "async.util.isarray": {
      "version": "0.5.2",
      "resolved": "https://registry.npmjs.org/async.util.isarray/-/async.util.isarray-0.5.2.tgz",
      "integrity": "sha1-5i2sjyY29lh13PdSHC0k0N+yu98="
    },
    "async.util.map": {
      "version": "0.5.2",
      "resolved": "https://registry.npmjs.org/async.util.map/-/async.util.map-0.5.2.tgz",
      "integrity": "sha1-5YjvhuCzq18CfZevTWg10FXKadY="
    },
    "async.util.noop": {
      "version": "0.5.2",
      "resolved": "https://registry.npmjs.org/async.util.noop/-/async.util.noop-0.5.2.tgz",
      "integrity": "sha1-vdYrl8sKo/YLWGrRSEaGmJdeWLk="
    },
    "async.util.onlyonce": {
      "version": "0.5.2",
      "resolved": "https://registry.npmjs.org/async.util.onlyonce/-/async.util.onlyonce-0.5.2.tgz",
      "integrity": "sha1-uOb8AErckjFk154y8oE+5GXCT/I="
    },
    "async.util.queue": {
      "version": "0.5.2",
      "resolved": "https://registry.npmjs.org/async.util.queue/-/async.util.queue-0.5.2.tgz",
      "integrity": "sha1-V/Zavho83yc9MavSirlUJfgiLuU=",
      "requires": {
        "async.util.arrayeach": "0.5.2",
        "async.util.isarray": "0.5.2",
        "async.util.map": "0.5.2",
        "async.util.noop": "0.5.2",
        "async.util.onlyonce": "0.5.2",
        "async.util.setimmediate": "0.5.2"
      }
    },
    "async.util.restparam": {
      "version": "0.5.2",
      "resolved": "https://registry.npmjs.org/async.util.restparam/-/async.util.restparam-0.5.2.tgz",
      "integrity": "sha1-A+/r88Ane5ciDlJaunUPXgT8gM0="
    },
    "async.util.setimmediate": {
      "version": "0.5.2",
      "resolved": "https://registry.npmjs.org/async.util.setimmediate/-/async.util.setimmediate-0.5.2.tgz",
      "integrity": "sha1-KBLrq/KlgCd1jUvHeT0cz68QJV8="
    },
    "axios": {
      "version": "0.16.2",
      "resolved": "https://registry.npmjs.org/axios/-/axios-0.16.2.tgz",
      "integrity": "sha1-uk+S8XFn37q0CYN4VFS5rBScPG0="
    },
    "babel-core": {
      "version": "6.25.0",
      "resolved": "https://registry.npmjs.org/babel-core/-/babel-core-6.25.0.tgz",
      "integrity": "sha1-fdQrBGPHQunVKW3rPsZ6kyLa1yk=",
      "dependencies": {
        "source-map": {
          "version": "0.5.6",
          "resolved": "https://registry.npmjs.org/source-map/-/source-map-0.5.6.tgz",
          "integrity": "sha1-dc449SvwczxafwwRjYEzSiu19BI="
        }
      }
    },
    "babel-loader": {
      "version": "7.1.1",
      "resolved": "https://registry.npmjs.org/babel-loader/-/babel-loader-7.1.1.tgz",
      "integrity": "sha1-uHE0yLEuPkwqlOBUYIW8aAorhIg="
    },
    "babel-preset-es2015": {
      "version": "6.24.1",
      "resolved": "https://registry.npmjs.org/babel-preset-es2015/-/babel-preset-es2015-6.24.1.tgz",
      "integrity": "sha1-1EBQ1rwsn+6nAqrzjXJ6AhBTiTk="
    },
    "babel-preset-react": {
      "version": "6.24.1",
      "resolved": "https://registry.npmjs.org/babel-preset-react/-/babel-preset-react-6.24.1.tgz",
      "integrity": "sha1-umnfrqRfw+xjm2pOzqbhdwLJE4A="
    },
    "bcrypt": {
      "version": "1.0.2",
      "resolved": "https://registry.npmjs.org/bcrypt/-/bcrypt-1.0.2.tgz",
      "integrity": "sha1-0F/F0iMXPg4o7DgcDwDMJf+vJzY=",
      "dependencies": {
        "nan": {
          "version": "2.5.0",
          "resolved": "https://registry.npmjs.org/nan/-/nan-2.5.0.tgz",
          "integrity": "sha1-qo8eNFMdgH6eJ3VbI0tKbsDBUqg="
        }
      }
    },
    "body-parser": {
      "version": "1.17.2",
      "resolved": "https://registry.npmjs.org/body-parser/-/body-parser-1.17.2.tgz",
      "integrity": "sha1-+IkqvI+eYn1Crtr7yma/WrmRBO4=",
      "dependencies": {
        "debug": {
          "version": "2.6.7",
          "resolved": "https://registry.npmjs.org/debug/-/debug-2.6.7.tgz",
          "integrity": "sha1-krrR9tBbu2u6Isyoi80OyJTChh4="
        }
      }
    },
    "bottleneck": {
      "version": "1.16.0",
      "resolved": "https://registry.npmjs.org/bottleneck/-/bottleneck-1.16.0.tgz",
      "integrity": "sha1-1s4TgIUnr8gLaQkvFWBmVeWyHxo="
    },
    "color-convert": {
      "version": "1.9.0",
      "resolved": "https://registry.npmjs.org/color-convert/-/color-convert-1.9.0.tgz",
      "integrity": "sha1-Gsz5fdc5uYO/mU1W/sj5WFNkG3o="
    },
    "config": {
      "version": "1.26.1",
      "resolved": "https://registry.npmjs.org/config/-/config-1.26.1.tgz",
      "integrity": "sha1-9kfOMsNF6AunOo6qeppLTlspDKE=",
      "dependencies": {
        "json5": {
          "version": "0.4.0",
          "resolved": "https://registry.npmjs.org/json5/-/json5-0.4.0.tgz",
          "integrity": "sha1-BUNS5MTIDIbAkjh31EneF2pzLI0="
        }
      }
    },
    "cors": {
      "version": "2.8.3",
      "resolved": "https://registry.npmjs.org/cors/-/cors-2.8.3.tgz",
      "integrity": "sha1-TPeOHSMymnSWsvwiJbd8pbteuAI="
    },
    "css-loader": {
      "version": "0.28.4",
      "resolved": "https://registry.npmjs.org/css-loader/-/css-loader-0.28.4.tgz",
      "integrity": "sha1-bPNXkZLONV6LONX0Ldeh8uyJjQ8=",
      "dependencies": {
        "source-list-map": {
          "version": "0.1.8",
          "resolved": "https://registry.npmjs.org/source-list-map/-/source-list-map-0.1.8.tgz",
          "integrity": "sha1-xVCyq1Qn9rPyH1r+rYjE9Vh7IQY="
        }
      }
    },
    "debug": {
      "version": "2.6.8",
      "resolved": "https://registry.npmjs.org/debug/-/debug-2.6.8.tgz",
      "integrity": "sha1-5zFTHKLt4n0YgiJCfaF4IdaP9Pw="
    },
    "encoding": {
      "version": "0.1.12",
      "resolved": "https://registry.npmjs.org/encoding/-/encoding-0.1.12.tgz",
      "integrity": "sha1-U4tm8+5izRq1HsMjgp0flIDHS+s="
    },
    "escape-string-regexp": {
      "version": "1.0.5",
      "resolved": "https://registry.npmjs.org/escape-string-regexp/-/escape-string-regexp-1.0.5.tgz",
      "integrity": "sha1-G2HAViGQqN/2rjuyzwIAyhMLhtQ="
    },
    "express": {
      "version": "4.15.3",
      "resolved": "https://registry.npmjs.org/express/-/express-4.15.3.tgz",
      "integrity": "sha1-urZdDwOqgMNYQIly/HAPkWlEtmI=",
      "dependencies": {
        "debug": {
          "version": "2.6.7",
          "resolved": "https://registry.npmjs.org/debug/-/debug-2.6.7.tgz",
          "integrity": "sha1-krrR9tBbu2u6Isyoi80OyJTChh4="
        }
      }
    },
    "extend": {
      "version": "3.0.1",
      "resolved": "https://registry.npmjs.org/extend/-/extend-3.0.1.tgz",
      "integrity": "sha1-p1Xqe8Gt/MWjHOfnYtuq3F5jZEQ="
    },
    "file-loader": {
      "version": "0.11.2",
      "resolved": "https://registry.npmjs.org/file-loader/-/file-loader-0.11.2.tgz",
      "integrity": "sha512-N+uhF3mswIFeziHQjGScJ/yHXYt3DiLBeC+9vWW+WjUBiClMSOlV1YrXQi+7KM2aA3Rn4Bybgv+uXFQbfkzpvg=="
    },
    "html-webpack-plugin": {
      "version": "2.30.1",
      "resolved": "https://registry.npmjs.org/html-webpack-plugin/-/html-webpack-plugin-2.30.1.tgz",
      "integrity": "sha1-f5xCG36pHsRg9WUn1430hO51N9U=",
      "dependencies": {
        "loader-utils": {
          "version": "0.2.17",
          "resolved": "https://registry.npmjs.org/loader-utils/-/loader-utils-0.2.17.tgz",
          "integrity": "sha1-+G5jdNQyBabmxg6RlvF8Apm/s0g="
        }
      }
    },
    "lodash": {
      "version": "4.17.4",
      "resolved": "https://registry.npmjs.org/lodash/-/lodash-4.17.4.tgz",
      "integrity": "sha1-eCA6TRwyiuHYbcpkYONptX9AVa4="
    },
    "lodash.chunk": {
      "version": "4.2.0",
      "resolved": "https://registry.npmjs.org/lodash.chunk/-/lodash.chunk-4.2.0.tgz",
      "integrity": "sha1-ZuXOH3btJ7QwPYxlEujRIW6BBrw="
    },
    "mailparser": {
      "version": "0.6.2",
      "resolved": "https://registry.npmjs.org/mailparser/-/mailparser-0.6.2.tgz",
      "integrity": "sha1-A8SGA5vfTfbNO2rcqqxBB9/bwGg=",
      "requires": {
        "encoding": "0.1.12",
        "mime": "1.3.4",
        "mimelib": "0.3.1",
        "uue": "3.1.0"
      }
    },
    "material-shadows": {
      "version": "3.0.1",
      "resolved": "https://registry.npmjs.org/material-shadows/-/material-shadows-3.0.1.tgz",
      "integrity": "sha1-WGrRKxZzYKjk6Je/dTDLaazqURA="
    },
    "material-ui": {
      "version": "0.18.6",
      "resolved": "https://registry.npmjs.org/material-ui/-/material-ui-0.18.6.tgz",
      "integrity": "sha512-wkYxqwrO/bOipy05ZdYNDDAkkq8GlEowFZbSj/8y2joNTzwus9Q1mom+jEW9rv44JBWxzFl2PXRqzO5JqCCGxg=="
    },
    "material-ui-chip-input": {
      "version": "0.15.3",
      "resolved": "https://registry.npmjs.org/material-ui-chip-input/-/material-ui-chip-input-0.15.3.tgz",
      "integrity": "sha512-/FXd2WUMiE9pLVvedz/9PQYGvlwr+nvMha5ZJJWfIOsAlxKbBaO7C2z1IWeV/z/Qrf2I6vx77b7MnUA7n3CeWg=="
    },
    "messaging-api-slack": {
      "version": "0.4.3",
      "resolved": "https://registry.npmjs.org/messaging-api-slack/-/messaging-api-slack-0.4.3.tgz",
      "integrity": "sha512-Jmn50yMB9N4drZrVWdfRiMGaXtFD6gpQIzuYrVP/KpwPSI/BY8GdkdCZkuQPT0cLfbANW3oznBOMb9f/MzSUmw=="
    },
    "mime": {
      "version": "1.3.4",
      "resolved": "https://registry.npmjs.org/mime/-/mime-1.3.4.tgz",
      "integrity": "sha1-EV+eO2s9rylZmDyzjxSaLUDrXVM="
    },
    "mimelib": {
      "version": "0.3.1",
      "resolved": "https://registry.npmjs.org/mimelib/-/mimelib-0.3.1.tgz",
      "integrity": "sha1-eHrdJBXYJ6yzr27EvKHqlZZBiFM=",
      "requires": {
        "addressparser": "1.0.1",
        "encoding": "0.1.12"
      }
    },
    "moment": {
      "version": "2.29.2",
      "resolved": "https://registry.npmjs.org/moment/-/moment-2.29.2.tgz",
      "integrity": "sha512-UgzG4rvxYpN15jgCmVJwac49h9ly9NurikMWGPdVxm8GZD6XjkKPxDTjQQ43gtGgnV3X0cAyWDdP2Wexoquifg=="
    },
    "mongoose": {
      "version": "4.11.1",
      "resolved": "https://registry.npmjs.org/mongoose/-/mongoose-4.11.1.tgz",
      "integrity": "sha1-JWC22J50SwWFfQJMq4sxYGZxbj4=",
      "dependencies": {
        "async": {
          "version": "2.1.4",
          "resolved": "https://registry.npmjs.org/async/-/async-2.1.4.tgz",
          "integrity": "sha1-LSFgx3iAMuTdbL4lAvH5osj2zeQ="
        }
      }
    },
    "node-sass": {
      "version": "4.5.3",
      "resolved": "https://registry.npmjs.org/node-sass/-/node-sass-4.5.3.tgz",
      "integrity": "sha1-0JydEXlkEjnRuX/8YjH9zsU+FWg=",
      "dependencies": {
        "glob": {
          "version": "7.1.2",
          "resolved": "https://registry.npmjs.org/glob/-/glob-7.1.2.tgz",
          "integrity": "sha512-MJTUg1kjuLeQCJ+ccE4Vpa6kKVXkPYJ2mOCQyUuKLcLQsdrMCpBPUi8qVE6+YuaJkozeA9NusTAw3hLr8Xe5EQ=="
        }
      }
    },
    "react": {
      "version": "15.6.1",
      "resolved": "https://registry.npmjs.org/react/-/react-15.6.1.tgz",
      "integrity": "sha1-uqhDTsZ4C96ZfNw4C3nNM7ljk98="
    },
    "react-datetime": {
      "version": "2.8.10",
      "resolved": "https://registry.npmjs.org/react-datetime/-/react-datetime-2.8.10.tgz",
      "integrity": "sha1-BtQxe3c0MQ4OgQlVVSZlYSg0YTI=",
      "dependencies": {
        "object-assign": {
          "version": "3.0.0",
          "resolved": "https://registry.npmjs.org/object-assign/-/object-assign-3.0.0.tgz",
          "integrity": "sha1-m+3VygiXlJvKR+f/QIBi1Un1h/I="
        }
      }
    },
    "react-dom": {
      "version": "15.6.1",
      "resolved": "https://registry.npmjs.org/react-dom/-/react-dom-15.6.1.tgz",
      "integrity": "sha1-LLDtQZEDjlPCCes6eaI+Kkz5lHA="
    },
    "react-hot-loader": {
      "version": "1.3.1",
      "resolved": "https://registry.npmjs.org/react-hot-loader/-/react-hot-loader-1.3.1.tgz",
      "integrity": "sha1-yVZHrni3Pfzv9uxx/8sEGC/22vk="
    },
    "react-router": {
      "version": "4.1.1",
      "resolved": "https://registry.npmjs.org/react-router/-/react-router-4.1.1.tgz",
      "integrity": "sha1-1Ejzt8G0Kab7sDOVCZlJxgax/pU=",
      "dependencies": {
        "path-to-regexp": {
          "version": "1.7.0",
          "resolved": "https://registry.npmjs.org/path-to-regexp/-/path-to-regexp-1.7.0.tgz",
          "integrity": "sha1-Wf3g9DW62suhA6hOnTvGTpa5k30="
        }
      }
    },
    "react-router-dom": {
      "version": "4.1.1",
      "resolved": "https://registry.npmjs.org/react-router-dom/-/react-router-dom-4.1.1.tgz",
      "integrity": "sha1-MCGt4fLBYK+Xz5TiVZTF8pRYMCU="
    },
    "react-speech": {
      "version": "0.3.2",
      "resolved": "https://registry.npmjs.org/react-speech/-/react-speech-0.3.2.tgz",
      "integrity": "sha1-J5Gk5SZhoIfgCzvxSqDPypetFV4=",
      "dependencies": {
        "fbjs": {
          "version": "0.6.1",
          "resolved": "https://registry.npmjs.org/fbjs/-/fbjs-0.6.1.tgz",
          "integrity": "sha1-lja3cF9bqWhNRLcveDISVK/IYPc="
        },
        "react": {
          "version": "0.14.9",
          "resolved": "https://registry.npmjs.org/react/-/react-0.14.9.tgz",
          "integrity": "sha1-kRCmSXxJ1EuhwO3TF67CnC4NkdE="
        },
        "whatwg-fetch": {
          "version": "0.9.0",
          "resolved": "https://registry.npmjs.org/whatwg-fetch/-/whatwg-fetch-0.9.0.tgz",
          "integrity": "sha1-DjaExsuZlbQ+/J3wPkw2XZX9nMA="
        }
      }
    },
    "react-tap-event-plugin": {
      "version": "2.0.1",
      "resolved": "https://registry.npmjs.org/react-tap-event-plugin/-/react-tap-event-plugin-2.0.1.tgz",
      "integrity": "sha1-MWvrO8ZVbinshppyk+icgmqQdNI="
    },
    "react-time": {
      "version": "4.3.0",
      "resolved": "https://registry.npmjs.org/react-time/-/react-time-4.3.0.tgz",
      "integrity": "sha1-s3UHuLUnjwOo5/K/5wkRgkqJkd0="
    },
    "react-voice-components": {
      "version": "1.0.0",
      "resolved": "https://registry.npmjs.org/react-voice-components/-/react-voice-components-1.0.0.tgz",
      "integrity": "sha1-o2X7wqidUkp6hlR4Nl3jz4mrfM0="
    },
    "request": {
      "version": "2.81.0",
      "resolved": "https://registry.npmjs.org/request/-/request-2.81.0.tgz",
      "integrity": "sha1-xpKJRqDgbF+Nb4qTM0af/aRimKA="
    },
    "sass-loader": {
      "version": "6.0.6",
      "resolved": "https://registry.npmjs.org/sass-loader/-/sass-loader-6.0.6.tgz",
      "integrity": "sha512-c3/Zc+iW+qqDip6kXPYLEgsAu2lf4xz0EZDplB7EmSUMda12U1sGJPetH55B/j9eu0bTtKzKlNPWWyYC7wFNyQ==",
      "dependencies": {
        "pify": {
          "version": "3.0.0",
          "resolved": "https://registry.npmjs.org/pify/-/pify-3.0.0.tgz",
          "integrity": "sha1-5aSs0sEB/fPZpNB/DbxNtJ3SgXY="
        }
      }
    },
    "sendgrid": {
      "version": "5.2.3",
      "resolved": "https://registry.npmjs.org/sendgrid/-/sendgrid-5.2.3.tgz",
      "integrity": "sha512-FD7oR9TbJFUew1p0Vw9JX0wBetDyq634LzylSXz4n9+hwaf+6a9dNloZl8CcjpsX4NuEc3HJanTN4GjDwNyi4A==",
      "requires": {
        "async.ensureasync": "0.5.2",
        "async.queue": "0.5.2",
        "bottleneck": "1.16.0",
        "debug": "2.6.8",
        "lodash.chunk": "4.2.0",
        "mailparser": "0.6.2",
        "sendgrid-rest": "2.4.0"
      }
    },
    "sendgrid-rest": {
      "version": "2.4.0",
      "resolved": "https://registry.npmjs.org/sendgrid-rest/-/sendgrid-rest-2.4.0.tgz",
      "integrity": "sha512-3VRHhTnln17jPQNzBjEHO6u2Y7kLlhVnOvX0aGjr7yRVZpq5LXo0ilAFMsaHUfKVH+jFdCrHMAVLOAdtu6wLJA=="
    },
    "style-loader": {
      "version": "0.18.2",
      "resolved": "https://registry.npmjs.org/style-loader/-/style-loader-0.18.2.tgz",
      "integrity": "sha512-WPpJPZGUxWYHWIUMNNOYqql7zh85zGmr84FdTVWq52WTIkqlW9xSxD3QYWi/T31cqn9UNSsietVEgGn2aaSCzw=="
    },
    "uue": {
      "version": "3.1.0",
      "resolved": "https://registry.npmjs.org/uue/-/uue-3.1.0.tgz",
      "integrity": "sha1-XWfTcDDmbv67tLiqxG2vm1W++/Y=",
      "requires": {
        "extend": "3.0.1"
      }
    },
    "watson-developer-cloud": {
      "version": "2.37.0",
      "resolved": "https://registry.npmjs.org/watson-developer-cloud/-/watson-developer-cloud-2.37.0.tgz",
      "integrity": "sha1-RzbwPreCkptZX1JaJyBtrL0E2QM="
    },
    "watson-speech": {
      "version": "0.33.1",
      "resolved": "https://registry.npmjs.org/watson-speech/-/watson-speech-0.33.1.tgz",
      "integrity": "sha512-aoSt8eWFv3gztJgmRnkV2C5pm4cxykCLvh9DeQf/lS2KaawLFnAmwx6kSRRHxeF5OesH/ArK3PbSYlpfJF57IQ==",
      "dependencies": {
        "clone": {
          "version": "2.1.1",
          "resolved": "https://registry.npmjs.org/clone/-/clone-2.1.1.tgz",
          "integrity": "sha1-0hfR6WERjjrJpLi7oyhVU79kfNs="
        }
      }
    },
    "webpack": {
      "version": "3.0.0",
      "resolved": "https://registry.npmjs.org/webpack/-/webpack-3.0.0.tgz",
      "integrity": "sha1-7pvOvyEkf3FTy0EBaMq0XjpZ1Nc=",
      "dependencies": {
        "acorn": {
          "version": "5.0.3",
          "resolved": "https://registry.npmjs.org/acorn/-/acorn-5.0.3.tgz",
          "integrity": "sha1-xGDfCEkUY/AozLguqzcwvwEIez0="
        },
        "source-map": {
          "version": "0.5.6",
          "resolved": "https://registry.npmjs.org/source-map/-/source-map-0.5.6.tgz",
          "integrity": "sha1-dc449SvwczxafwwRjYEzSiu19BI="
        }
      }
    },
    "webpack-dev-server": {
      "version": "2.6.1",
      "resolved": "https://registry.npmjs.org/webpack-dev-server/-/webpack-dev-server-2.6.1.tgz",
      "integrity": "sha1-Cykqnaltr4CmWYj2n4e0Fm5d7+c="
    },
    "yes-https": {
      "version": "0.0.4",
      "resolved": "https://registry.npmjs.org/yes-https/-/yes-https-0.0.4.tgz",
      "integrity": "sha1-w5L3vZ7VmjPCqKkahCwc/e3lXqw="
    }
  }
}
